// !$*UTF8*$!
{
	archiveVersion = 1;
	classes = {
	};
	objectVersion = 46;
	objects = {

/* Begin PBXBuildFile section */
		AE2F12C1197FE902007133D5 /* main.swift in Sources */ = {isa = PBXBuildFile; fileRef = AE2F12C0197FE902007133D5 /* main.swift */; };
		AE2F12C3197FE902007133D5 /* ViewController.swift in Sources */ = {isa = PBXBuildFile; fileRef = AE2F12C2197FE902007133D5 /* ViewController.swift */; };
		AE2F12C5197FE902007133D5 /* AppDelegate.swift in Sources */ = {isa = PBXBuildFile; fileRef = AE2F12C4197FE902007133D5 /* AppDelegate.swift */; };
		AE2F12C7197FE902007133D5 /* Images.xcassets in Resources */ = {isa = PBXBuildFile; fileRef = AE2F12C6197FE902007133D5 /* Images.xcassets */; };
		AE2F12CA197FE902007133D5 /* Main.storyboard in Resources */ = {isa = PBXBuildFile; fileRef = AE2F12C8197FE902007133D5 /* Main.storyboard */; };
		AE4F09B91997CD2F00C67591 /* NotificationCenter.framework in Frameworks */ = {isa = PBXBuildFile; fileRef = AE2F12E5197FEA8B007133D5 /* NotificationCenter.framework */; };
		AE4F09C01997CD2F00C67591 /* InfoPlist.strings in Resources */ = {isa = PBXBuildFile; fileRef = AE4F09BE1997CD2F00C67591 /* InfoPlist.strings */; };
		AE4F09C21997CD2F00C67591 /* TodayViewController.swift in Sources */ = {isa = PBXBuildFile; fileRef = AE4F09C11997CD2F00C67591 /* TodayViewController.swift */; };
		AE4F09C41997CD2F00C67591 /* TodayViewController.xib in Resources */ = {isa = PBXBuildFile; fileRef = AE4F09C31997CD2F00C67591 /* TodayViewController.xib */; };
		AE4F09C71997CD2F00C67591 /* TodayExtension.appex in Embed App Extensions */ = {isa = PBXBuildFile; fileRef = AE4F09B81997CD2F00C67591 /* TodayExtension.appex */; settings = {ATTRIBUTES = (RemoveHeadersOnCopy, ); }; };
/* End PBXBuildFile section */

/* Begin PBXContainerItemProxy section */
		AE4F09C51997CD2F00C67591 /* PBXContainerItemProxy */ = {
			isa = PBXContainerItemProxy;
			containerPortal = AE2F12B3197FE902007133D5 /* Project object */;
			proxyType = 1;
			remoteGlobalIDString = AE4F09B71997CD2F00C67591;
			remoteInfo = TodayExtension;
		};
		AE4F09C81997CD2F00C67591 /* PBXContainerItemProxy */ = {
			isa = PBXContainerItemProxy;
			containerPortal = AE2F12B3197FE902007133D5 /* Project object */;
			proxyType = 1;
			remoteGlobalIDString = AE4F09B71997CD2F00C67591;
			remoteInfo = TodayExtension;
		};
/* End PBXContainerItemProxy section */

/* Begin PBXCopyFilesBuildPhase section */
		AE2F12FA197FEA8B007133D5 /* Embed App Extensions */ = {
			isa = PBXCopyFilesBuildPhase;
			buildActionMask = 2147483647;
			dstPath = "";
			dstSubfolderSpec = 13;
			files = (
				AE4F09C71997CD2F00C67591 /* TodayExtension.appex in Embed App Extensions */,
			);
			name = "Embed App Extensions";
			runOnlyForDeploymentPostprocessing = 0;
		};
/* End PBXCopyFilesBuildPhase section */

/* Begin PBXFileReference section */
		AE2F12BB197FE902007133D5 /* iTunesConnectReports.app */ = {isa = PBXFileReference; explicitFileType = wrapper.application; includeInIndex = 0; path = iTunesConnectReports.app; sourceTree = BUILT_PRODUCTS_DIR; };
		AE2F12BF197FE902007133D5 /* Info.plist */ = {isa = PBXFileReference; lastKnownFileType = text.plist.xml; path = Info.plist; sourceTree = "<group>"; };
		AE2F12C0197FE902007133D5 /* main.swift */ = {isa = PBXFileReference; lastKnownFileType = sourcecode.swift; path = main.swift; sourceTree = "<group>"; };
		AE2F12C2197FE902007133D5 /* ViewController.swift */ = {isa = PBXFileReference; lastKnownFileType = sourcecode.swift; path = ViewController.swift; sourceTree = "<group>"; };
		AE2F12C4197FE902007133D5 /* AppDelegate.swift */ = {isa = PBXFileReference; lastKnownFileType = sourcecode.swift; path = AppDelegate.swift; sourceTree = "<group>"; };
		AE2F12C6197FE902007133D5 /* Images.xcassets */ = {isa = PBXFileReference; lastKnownFileType = folder.assetcatalog; path = Images.xcassets; sourceTree = "<group>"; };
		AE2F12C9197FE902007133D5 /* Base */ = {isa = PBXFileReference; lastKnownFileType = file.storyboard; name = Base; path = Base.lproj/Main.storyboard; sourceTree = "<group>"; };
		AE2F12E5197FEA8B007133D5 /* NotificationCenter.framework */ = {isa = PBXFileReference; lastKnownFileType = wrapper.framework; name = NotificationCenter.framework; path = System/Library/Frameworks/NotificationCenter.framework; sourceTree = SDKROOT; };
		AE4F09B81997CD2F00C67591 /* TodayExtension.appex */ = {isa = PBXFileReference; explicitFileType = "wrapper.app-extension"; includeInIndex = 0; path = TodayExtension.appex; sourceTree = BUILT_PRODUCTS_DIR; };
		AE4F09BC1997CD2F00C67591 /* Info.plist */ = {isa = PBXFileReference; lastKnownFileType = text.plist.xml; path = Info.plist; sourceTree = "<group>"; };
		AE4F09BD1997CD2F00C67591 /* TodayExtension.entitlements */ = {isa = PBXFileReference; lastKnownFileType = text.xml; path = TodayExtension.entitlements; sourceTree = "<group>"; };
		AE4F09BF1997CD2F00C67591 /* en */ = {isa = PBXFileReference; lastKnownFileType = text.plist.strings; name = en; path = en.lproj/InfoPlist.strings; sourceTree = "<group>"; };
		AE4F09C11997CD2F00C67591 /* TodayViewController.swift */ = {isa = PBXFileReference; lastKnownFileType = sourcecode.swift; path = TodayViewController.swift; sourceTree = "<group>"; };
		AE4F09C31997CD2F00C67591 /* TodayViewController.xib */ = {isa = PBXFileReference; lastKnownFileType = file.xib; path = TodayViewController.xib; sourceTree = "<group>"; };
/* End PBXFileReference section */

/* Begin PBXFrameworksBuildPhase section */
		AE2F12B8197FE902007133D5 /* Frameworks */ = {
			isa = PBXFrameworksBuildPhase;
			buildActionMask = 2147483647;
			files = (
			);
			runOnlyForDeploymentPostprocessing = 0;
		};
		AE4F09B51997CD2F00C67591 /* Frameworks */ = {
			isa = PBXFrameworksBuildPhase;
			buildActionMask = 2147483647;
			files = (
				AE4F09B91997CD2F00C67591 /* NotificationCenter.framework in Frameworks */,
			);
			runOnlyForDeploymentPostprocessing = 0;
		};
/* End PBXFrameworksBuildPhase section */

/* Begin PBXGroup section */
		AE2F12B2197FE902007133D5 = {
			isa = PBXGroup;
			children = (
				AE2F12BD197FE902007133D5 /* iTunesConnectReports */,
				AE4F09BA1997CD2F00C67591 /* TodayExtension */,
				AE2F12E4197FEA8B007133D5 /* Frameworks */,
				AE2F12BC197FE902007133D5 /* Products */,
			);
			sourceTree = "<group>";
		};
		AE2F12BC197FE902007133D5 /* Products */ = {
			isa = PBXGroup;
			children = (
				AE2F12BB197FE902007133D5 /* iTunesConnectReports.app */,
				AE4F09B81997CD2F00C67591 /* TodayExtension.appex */,
			);
			name = Products;
			sourceTree = "<group>";
		};
		AE2F12BD197FE902007133D5 /* iTunesConnectReports */ = {
			isa = PBXGroup;
			children = (
				AE2F12C4197FE902007133D5 /* AppDelegate.swift */,
				AE2F12C2197FE902007133D5 /* ViewController.swift */,
				AE2F12C8197FE902007133D5 /* Main.storyboard */,
				AE2F12C6197FE902007133D5 /* Images.xcassets */,
				AE2F12BE197FE902007133D5 /* Supporting Files */,
			);
			path = iTunesConnectReports;
			sourceTree = "<group>";
		};
		AE2F12BE197FE902007133D5 /* Supporting Files */ = {
			isa = PBXGroup;
			children = (
				AE2F12BF197FE902007133D5 /* Info.plist */,
				AE2F12C0197FE902007133D5 /* main.swift */,
			);
			name = "Supporting Files";
			sourceTree = "<group>";
		};
		AE2F12E4197FEA8B007133D5 /* Frameworks */ = {
			isa = PBXGroup;
			children = (
				AE2F12E5197FEA8B007133D5 /* NotificationCenter.framework */,
			);
			name = Frameworks;
			sourceTree = "<group>";
		};
		AE4F09BA1997CD2F00C67591 /* TodayExtension */ = {
			isa = PBXGroup;
			children = (
				AE4F09C11997CD2F00C67591 /* TodayViewController.swift */,
				AE4F09C31997CD2F00C67591 /* TodayViewController.xib */,
				AE4F09BB1997CD2F00C67591 /* Supporting Files */,
			);
			path = TodayExtension;
			sourceTree = "<group>";
		};
		AE4F09BB1997CD2F00C67591 /* Supporting Files */ = {
			isa = PBXGroup;
			children = (
				AE4F09BC1997CD2F00C67591 /* Info.plist */,
				AE4F09BD1997CD2F00C67591 /* TodayExtension.entitlements */,
				AE4F09BE1997CD2F00C67591 /* InfoPlist.strings */,
			);
			name = "Supporting Files";
			sourceTree = "<group>";
		};
/* End PBXGroup section */

/* Begin PBXNativeTarget section */
		AE2F12BA197FE902007133D5 /* iTunesConnectReports */ = {
			isa = PBXNativeTarget;
			buildConfigurationList = AE2F12D9197FE902007133D5 /* Build configuration list for PBXNativeTarget "iTunesConnectReports" */;
			buildPhases = (
				AE2F12B7197FE902007133D5 /* Sources */,
				AE2F12B8197FE902007133D5 /* Frameworks */,
				AE2F12B9197FE902007133D5 /* Resources */,
				AE2F12FA197FEA8B007133D5 /* Embed App Extensions */,
			);
			buildRules = (
			);
			dependencies = (
				AE4F09C61997CD2F00C67591 /* PBXTargetDependency */,
				AE4F09C91997CD2F00C67591 /* PBXTargetDependency */,
			);
			name = iTunesConnectReports;
			productName = iTunesConnectReports;
			productReference = AE2F12BB197FE902007133D5 /* iTunesConnectReports.app */;
			productType = "com.apple.product-type.application";
		};
		AE4F09B71997CD2F00C67591 /* TodayExtension */ = {
			isa = PBXNativeTarget;
			buildConfigurationList = AE4F09CA1997CD2F00C67591 /* Build configuration list for PBXNativeTarget "TodayExtension" */;
			buildPhases = (
				AE4F09B41997CD2F00C67591 /* Sources */,
				AE4F09B51997CD2F00C67591 /* Frameworks */,
				AE4F09B61997CD2F00C67591 /* Resources */,
			);
			buildRules = (
			);
			dependencies = (
			);
			name = TodayExtension;
			productName = TodayExtension;
			productReference = AE4F09B81997CD2F00C67591 /* TodayExtension.appex */;
			productType = "com.apple.product-type.app-extension";
		};
/* End PBXNativeTarget section */

/* Begin PBXProject section */
		AE2F12B3197FE902007133D5 /* Project object */ = {
			isa = PBXProject;
			attributes = {
				LastUpgradeCheck = 0600;
				ORGANIZATIONNAME = "Patrick Balestra";
				TargetAttributes = {
					AE2F12BA197FE902007133D5 = {
						CreatedOnToolsVersion = 6.0;
					};
					AE4F09B71997CD2F00C67591 = {
						CreatedOnToolsVersion = 6.0;
					};
				};
			};
			buildConfigurationList = AE2F12B6197FE902007133D5 /* Build configuration list for PBXProject "iTunesConnectReports" */;
			compatibilityVersion = "Xcode 3.2";
			developmentRegion = English;
			hasScannedForEncodings = 0;
			knownRegions = (
				en,
				Base,
			);
			mainGroup = AE2F12B2197FE902007133D5;
			productRefGroup = AE2F12BC197FE902007133D5 /* Products */;
			projectDirPath = "";
			projectRoot = "";
			targets = (
				AE2F12BA197FE902007133D5 /* iTunesConnectReports */,
				AE4F09B71997CD2F00C67591 /* TodayExtension */,
			);
		};
/* End PBXProject section */

/* Begin PBXResourcesBuildPhase section */
		AE2F12B9197FE902007133D5 /* Resources */ = {
			isa = PBXResourcesBuildPhase;
			buildActionMask = 2147483647;
			files = (
				AE2F12C7197FE902007133D5 /* Images.xcassets in Resources */,
				AE2F12CA197FE902007133D5 /* Main.storyboard in Resources */,
			);
			runOnlyForDeploymentPostprocessing = 0;
		};
		AE4F09B61997CD2F00C67591 /* Resources */ = {
			isa = PBXResourcesBuildPhase;
			buildActionMask = 2147483647;
			files = (
				AE4F09C41997CD2F00C67591 /* TodayViewController.xib in Resources */,
				AE4F09C01997CD2F00C67591 /* InfoPlist.strings in Resources */,
			);
			runOnlyForDeploymentPostprocessing = 0;
		};
/* End PBXResourcesBuildPhase section */

/* Begin PBXSourcesBuildPhase section */
		AE2F12B7197FE902007133D5 /* Sources */ = {
			isa = PBXSourcesBuildPhase;
			buildActionMask = 2147483647;
			files = (
				AE2F12C5197FE902007133D5 /* AppDelegate.swift in Sources */,
				AE2F12C3197FE902007133D5 /* ViewController.swift in Sources */,
				AE2F12C1197FE902007133D5 /* main.swift in Sources */,
			);
			runOnlyForDeploymentPostprocessing = 0;
		};
		AE4F09B41997CD2F00C67591 /* Sources */ = {
			isa = PBXSourcesBuildPhase;
			buildActionMask = 2147483647;
			files = (
				AE4F09C21997CD2F00C67591 /* TodayViewController.swift in Sources */,
			);
			runOnlyForDeploymentPostprocessing = 0;
		};
/* End PBXSourcesBuildPhase section */

/* Begin PBXTargetDependency section */
		AE4F09C61997CD2F00C67591 /* PBXTargetDependency */ = {
			isa = PBXTargetDependency;
			target = AE4F09B71997CD2F00C67591 /* TodayExtension */;
			targetProxy = AE4F09C51997CD2F00C67591 /* PBXContainerItemProxy */;
		};
		AE4F09C91997CD2F00C67591 /* PBXTargetDependency */ = {
			isa = PBXTargetDependency;
			target = AE4F09B71997CD2F00C67591 /* TodayExtension */;
			targetProxy = AE4F09C81997CD2F00C67591 /* PBXContainerItemProxy */;
		};
/* End PBXTargetDependency section */

/* Begin PBXVariantGroup section */
		AE2F12C8197FE902007133D5 /* Main.storyboard */ = {
			isa = PBXVariantGroup;
			children = (
				AE2F12C9197FE902007133D5 /* Base */,
			);
			name = Main.storyboard;
			sourceTree = "<group>";
		};
		AE4F09BE1997CD2F00C67591 /* InfoPlist.strings */ = {
			isa = PBXVariantGroup;
			children = (
				AE4F09BF1997CD2F00C67591 /* en */,
			);
			name = InfoPlist.strings;
			sourceTree = "<group>";
		};
/* End PBXVariantGroup section */

/* Begin XCBuildConfiguration section */
		AE2F12D7197FE902007133D5 /* Debug */ = {
			isa = XCBuildConfiguration;
			buildSettings = {
				ALWAYS_SEARCH_USER_PATHS = NO;
				CLANG_CXX_LANGUAGE_STANDARD = "gnu++0x";
				CLANG_CXX_LIBRARY = "libc++";
				CLANG_ENABLE_MODULES = YES;
				CLANG_ENABLE_OBJC_ARC = YES;
				CLANG_WARN_BOOL_CONVERSION = YES;
				CLANG_WARN_CONSTANT_CONVERSION = YES;
				CLANG_WARN_DIRECT_OBJC_ISA_USAGE = YES_ERROR;
				CLANG_WARN_EMPTY_BODY = YES;
				CLANG_WARN_ENUM_CONVERSION = YES;
				CLANG_WARN_INT_CONVERSION = YES;
				CLANG_WARN_OBJC_ROOT_CLASS = YES_ERROR;
				CLANG_WARN_UNREACHABLE_CODE = YES;
				CLANG_WARN__DUPLICATE_METHOD_MATCH = YES;
				CODE_SIGN_IDENTITY = "-";
				COPY_PHASE_STRIP = NO;
				ENABLE_STRICT_OBJC_MSGSEND = YES;
				GCC_C_LANGUAGE_STANDARD = gnu99;
				GCC_DYNAMIC_NO_PIC = NO;
				GCC_OPTIMIZATION_LEVEL = 0;
				GCC_PREPROCESSOR_DEFINITIONS = (
					"DEBUG=1",
					"$(inherited)",
				);
				GCC_SYMBOLS_PRIVATE_EXTERN = NO;
				GCC_WARN_64_TO_32_BIT_CONVERSION = YES;
				GCC_WARN_ABOUT_RETURN_TYPE = YES_ERROR;
				GCC_WARN_UNDECLARED_SELECTOR = YES;
				GCC_WARN_UNINITIALIZED_AUTOS = YES_AGGRESSIVE;
				GCC_WARN_UNUSED_FUNCTION = YES;
				GCC_WARN_UNUSED_VARIABLE = YES;
				MACOSX_DEPLOYMENT_TARGET = 10.10;
				MTL_ENABLE_DEBUG_INFO = YES;
				ONLY_ACTIVE_ARCH = YES;
				SDKROOT = macosx;
				SWIFT_OPTIMIZATION_LEVEL = "-Onone";
			};
			name = Debug;
		};
		AE2F12D8197FE902007133D5 /* Release */ = {
			isa = XCBuildConfiguration;
			buildSettings = {
				ALWAYS_SEARCH_USER_PATHS = NO;
				CLANG_CXX_LANGUAGE_STANDARD = "gnu++0x";
				CLANG_CXX_LIBRARY = "libc++";
				CLANG_ENABLE_MODULES = YES;
				CLANG_ENABLE_OBJC_ARC = YES;
				CLANG_WARN_BOOL_CONVERSION = YES;
				CLANG_WARN_CONSTANT_CONVERSION = YES;
				CLANG_WARN_DIRECT_OBJC_ISA_USAGE = YES_ERROR;
				CLANG_WARN_EMPTY_BODY = YES;
				CLANG_WARN_ENUM_CONVERSION = YES;
				CLANG_WARN_INT_CONVERSION = YES;
				CLANG_WARN_OBJC_ROOT_CLASS = YES_ERROR;
				CLANG_WARN_UNREACHABLE_CODE = YES;
				CLANG_WARN__DUPLICATE_METHOD_MATCH = YES;
				CODE_SIGN_IDENTITY = "-";
				COPY_PHASE_STRIP = YES;
				DEBUG_INFORMATION_FORMAT = "dwarf-with-dsym";
				ENABLE_NS_ASSERTIONS = NO;
				ENABLE_STRICT_OBJC_MSGSEND = YES;
				GCC_C_LANGUAGE_STANDARD = gnu99;
				GCC_WARN_64_TO_32_BIT_CONVERSION = YES;
				GCC_WARN_ABOUT_RETURN_TYPE = YES_ERROR;
				GCC_WARN_UNDECLARED_SELECTOR = YES;
				GCC_WARN_UNINITIALIZED_AUTOS = YES_AGGRESSIVE;
				GCC_WARN_UNUSED_FUNCTION = YES;
				GCC_WARN_UNUSED_VARIABLE = YES;
				MACOSX_DEPLOYMENT_TARGET = 10.10;
				MTL_ENABLE_DEBUG_INFO = NO;
				SDKROOT = macosx;
			};
			name = Release;
		};
		AE2F12DA197FE902007133D5 /* Debug */ = {
			isa = XCBuildConfiguration;
			buildSettings = {
				ASSETCATALOG_COMPILER_APPICON_NAME = AppIcon;
				COMBINE_HIDPI_IMAGES = YES;
				INFOPLIST_FILE = iTunesConnectReports/Info.plist;
				LD_RUNPATH_SEARCH_PATHS = "$(inherited) @executable_path/../Frameworks";
				PRODUCT_NAME = "$(TARGET_NAME)";
			};
			name = Debug;
		};
		AE2F12DB197FE902007133D5 /* Release */ = {
			isa = XCBuildConfiguration;
			buildSettings = {
				ASSETCATALOG_COMPILER_APPICON_NAME = AppIcon;
				COMBINE_HIDPI_IMAGES = YES;
				INFOPLIST_FILE = iTunesConnectReports/Info.plist;
				LD_RUNPATH_SEARCH_PATHS = "$(inherited) @executable_path/../Frameworks";
				PRODUCT_NAME = "$(TARGET_NAME)";
			};
			name = Release;
		};
		AE4F09CB1997CD2F00C67591 /* Debug */ = {
			isa = XCBuildConfiguration;
			buildSettings = {
				CODE_SIGN_ENTITLEMENTS = TodayExtension/TodayExtension.entitlements;
				CODE_SIGN_IDENTITY = "-";
				COMBINE_HIDPI_IMAGES = YES;
				GCC_PREPROCESSOR_DEFINITIONS = (
					"DEBUG=1",
					"$(inherited)",
				);
				INFOPLIST_FILE = TodayExtension/Info.plist;
				LD_RUNPATH_SEARCH_PATHS = "$(inherited) @executable_path/../Frameworks @executable_path/../../../../Frameworks";
				PRODUCT_NAME = "$(TARGET_NAME)";
				SKIP_INSTALL = YES;
			};
			name = Debug;
		};
		AE4F09CC1997CD2F00C67591 /* Release */ = {
			isa = XCBuildConfiguration;
			buildSettings = {
				CODE_SIGN_ENTITLEMENTS = TodayExtension/TodayExtension.entitlements;
				CODE_SIGN_IDENTITY = "-";
				COMBINE_HIDPI_IMAGES = YES;
				INFOPLIST_FILE = TodayExtension/Info.plist;
				LD_RUNPATH_SEARCH_PATHS = "$(inherited) @executable_path/../Frameworks @executable_path/../../../../Frameworks";
				PRODUCT_NAME = "$(TARGET_NAME)";
				SKIP_INSTALL = YES;
			};
			name = Release;
		};
/* End XCBuildConfiguration section */

/* Begin XCConfigurationList section */
		AE2F12B6197FE902007133D5 /* Build configuration list for PBXProject "iTunesConnectReports" */ = {
			isa = XCConfigurationList;
			buildConfigurations = (
				AE2F12D7197FE902007133D5 /* Debug */,
				AE2F12D8197FE902007133D5 /* Release */,
			);
			defaultConfigurationIsVisible = 0;
			defaultConfigurationName = Release;
		};
		AE2F12D9197FE902007133D5 /* Build configuration list for PBXNativeTarget "iTunesConnectReports" */ = {
			isa = XCConfigurationList;
			buildConfigurations = (
				AE2F12DA197FE902007133D5 /* Debug */,
				AE2F12DB197FE902007133D5 /* Release */,
			);
			defaultConfigurationIsVisible = 0;
			defaultConfigurationName = Release;
		};
		AE4F09CA1997CD2F00C67591 /* Build configuration list for PBXNativeTarget "TodayExtension" */ = {
			isa = XCConfigurationList;
			buildConfigurations = (
				AE4F09CB1997CD2F00C67591 /* Debug */,
				AE4F09CC1997CD2F00C67591 /* Release */,
			);
			defaultConfigurationIsVisible = 0;
		};
/* End XCConfigurationList section */
	};
	rootObject = AE2F12B3197FE902007133D5 /* Project object */;
}
